<?xml version="1.0" encoding="utf-8"?>
<Project ToolsVersion="4.0" xmlns="http://schemas.microsoft.com/developer/msbuild/2003">
  <ItemGroup>
    <Filter Include="Header Files">
      <UniqueIdentifier>{167f57ab-97eb-4d0d-be36-f12ad9861988}</UniqueIdentifier>
    </Filter>
    <Filter Include="Source Files">
      <UniqueIdentifier>{91965114-8607-44ce-aee7-a1760513b0d6}</UniqueIdentifier>
    </Filter>
    <Filter Include="Resource Files">
      <UniqueIdentifier>{ca20f283-834f-4552-8239-267932e60529}</UniqueIdentifier>
    </Filter>
  </ItemGroup>
  <ItemGroup>
    <CudaCompile Include="ConvertFloatDataToIntData.cu">
      <Filter>Source Files</Filter>
    </CudaCompile>
    <CudaCompile Include="ConvertIntDataToFloatData.cu">
      <Filter>Source Files</Filter>
    </CudaCompile>
    <CudaCompile Include="ConvolveAudio.cu">
      <Filter>Source Files</Filter>
    </CudaCompile>
    <CudaCompile Include="PerformAugmentedConvolution.cu">
      <Filter>Source Files</Filter>
    </CudaCompile>
  </ItemGroup>
  <ItemGroup>
    <ClInclude Include="ConvertFloatDataToIntData.h">
      <Filter>Header Files</Filter>
    </ClInclude>
    <ClInclude Include="ConvertIntDataToFloatData.h">
      <Filter>Header Files</Filter>
    </ClInclude>
    <ClInclude Include="PerformAugmentedConvolution.h">
      <Filter>Header Files</Filter>
    </ClInclude>
  </ItemGroup>
  <ItemGroup>
    <Media Include="Hey_Ho_To_The_Greenwood--48_kHz.wav">
      <Filter>Resource Files</Filter>
    </Media>
    <Media Include="Impulse_Response--48_kHz.wav">
      <Filter>Resource Files</Filter>
    </Media>
  </ItemGroup>
</Project>